
Microsoft Visual Studio Solution File, Format Version 12.00
# Visual Studio Version 16
VisualStudioVersion = 16.0.33214.272
MinimumVisualStudioVersion = 10.0.40219.1
Project("{FAE04EC0-301F-11D3-BF4B-00C04F79EFBC}") = "ExamQuestion", "ExamQuestion\ExamQuestion.csproj", "{9EC011F4-5449-4994-A5F1-5EC0085C75D1}"
EndProject
Project("{FAE04EC0-301F-11D3-BF4B-00C04F79EFBC}") = "ExamQuestion.Helper", "ExamQuestion.Helper\ExamQuestion.Helper.csproj", "{390F9DEA-1702-4EA3-BBF1-D4135927C996}"
EndProject
Project("{FAE04EC0-301F-11D3-BF4B-00C04F79EFBC}") = "ExamQuestion.Models", "ExamQuestion.Models\ExamQuestion.Models.csproj", "{028B197C-F365-4040-A040-2C1A07434BF9}"
EndProject
Project("{FAE04EC0-301F-11D3-BF4B-00C04F79EFBC}") = "ExamQuestion.Repository", "ExamQuestion.Repository\ExamQuestion.Repository.csproj", "{5E3CD13F-918B-4E0F-99A4-875A11176079}"
EndProject
Global
	GlobalSection(SolutionConfigurationPlatforms) = preSolution
		Debug|Any CPU = Debug|Any CPU
		Release|Any CPU = Release|Any CPU
	EndGlobalSection
	GlobalSection(ProjectConfigurationPlatforms) = postSolution
		{9EC011F4-5449-4994-A5F1-5EC0085C75D1}.Debug|Any CPU.ActiveCfg = Debug|Any CPU
		{9EC011F4-5449-4994-A5F1-5EC0085C75D1}.Debug|Any CPU.Build.0 = Debug|Any CPU
		{9EC011F4-5449-4994-A5F1-5EC0085C75D1}.Release|Any CPU.ActiveCfg = Release|Any CPU
		{9EC011F4-5449-4994-A5F1-5EC0085C75D1}.Release|Any CPU.Build.0 = Release|Any CPU
		{390F9DEA-1702-4EA3-BBF1-D4135927C996}.Debug|Any CPU.ActiveCfg = Debug|Any CPU
		{390F9DEA-1702-4EA3-BBF1-D4135927C996}.Debug|Any CPU.Build.0 = Debug|Any CPU
		{390F9DEA-1702-4EA3-BBF1-D4135927C996}.Release|Any CPU.ActiveCfg = Release|Any CPU
		{390F9DEA-1702-4EA3-BBF1-D4135927C996}.Release|Any CPU.Build.0 = Release|Any CPU
		{028B197C-F365-4040-A040-2C1A07434BF9}.Debug|Any CPU.ActiveCfg = Debug|Any CPU
		{028B197C-F365-4040-A040-2C1A07434BF9}.Debug|Any CPU.Build.0 = Debug|Any CPU
		{028B197C-F365-4040-A040-2C1A07434BF9}.Release|Any CPU.ActiveCfg = Release|Any CPU
		{028B197C-F365-4040-A040-2C1A07434BF9}.Release|Any CPU.Build.0 = Release|Any CPU
		{5E3CD13F-918B-4E0F-99A4-875A11176079}.Debug|Any CPU.ActiveCfg = Debug|Any CPU
		{5E3CD13F-918B-4E0F-99A4-875A11176079}.Debug|Any CPU.Build.0 = Debug|Any CPU
		{5E3CD13F-918B-4E0F-99A4-875A11176079}.Release|Any CPU.ActiveCfg = Release|Any CPU
		{5E3CD13F-918B-4E0F-99A4-875A11176079}.Release|Any CPU.Build.0 = Release|Any CPU
	EndGlobalSection
	GlobalSection(SolutionProperties) = preSolution
		HideSolutionNode = FALSE
	EndGlobalSection
	GlobalSection(ExtensibilityGlobals) = postSolution
		SolutionGuid = {BA952CEA-56F2-468B-9E32-2FC773C95C2B}
	EndGlobalSection
EndGlobal
