
Microsoft Visual Studio Solution File, Format Version 12.00
# Visual Studio Version 16
VisualStudioVersion = 16.0.33130.400
MinimumVisualStudioVersion = 10.0.40219.1
Project("{FAE04EC0-301F-11D3-BF4B-00C04F79EFBC}") = "Krunal_Final_Test", "Krunal_Final_Test\Krunal_Final_Test.csproj", "{C538F5A0-7857-4D41-B146-132355769BDC}"
EndProject
Project("{FAE04EC0-301F-11D3-BF4B-00C04F79EFBC}") = "Krunal_Final_Test_Repository", "Krunal_Final_Test_Repository\Krunal_Final_Test_Repository.csproj", "{6543A6CE-338E-4BFA-A166-E26A1E438BDD}"
EndProject
Project("{FAE04EC0-301F-11D3-BF4B-00C04F79EFBC}") = "Krunal_Final_Test_Model", "Krunal_Final_Test_Model\Krunal_Final_Test_Model.csproj", "{40391999-C017-432C-B2D4-66C9A95D618A}"
EndProject
Project("{FAE04EC0-301F-11D3-BF4B-00C04F79EFBC}") = "Krunal_Final_Test_Helper", "Krunal_Final_Test_Helper\Krunal_Final_Test_Helper.csproj", "{1FA3B13C-FA2C-40AC-B0D3-C704955687C8}"
EndProject
Global
	GlobalSection(SolutionConfigurationPlatforms) = preSolution
		Debug|Any CPU = Debug|Any CPU
		Release|Any CPU = Release|Any CPU
	EndGlobalSection
	GlobalSection(ProjectConfigurationPlatforms) = postSolution
		{C538F5A0-7857-4D41-B146-132355769BDC}.Debug|Any CPU.ActiveCfg = Debug|Any CPU
		{C538F5A0-7857-4D41-B146-132355769BDC}.Debug|Any CPU.Build.0 = Debug|Any CPU
		{C538F5A0-7857-4D41-B146-132355769BDC}.Release|Any CPU.ActiveCfg = Release|Any CPU
		{C538F5A0-7857-4D41-B146-132355769BDC}.Release|Any CPU.Build.0 = Release|Any CPU
		{6543A6CE-338E-4BFA-A166-E26A1E438BDD}.Debug|Any CPU.ActiveCfg = Debug|Any CPU
		{6543A6CE-338E-4BFA-A166-E26A1E438BDD}.Debug|Any CPU.Build.0 = Debug|Any CPU
		{6543A6CE-338E-4BFA-A166-E26A1E438BDD}.Release|Any CPU.ActiveCfg = Release|Any CPU
		{6543A6CE-338E-4BFA-A166-E26A1E438BDD}.Release|Any CPU.Build.0 = Release|Any CPU
		{40391999-C017-432C-B2D4-66C9A95D618A}.Debug|Any CPU.ActiveCfg = Debug|Any CPU
		{40391999-C017-432C-B2D4-66C9A95D618A}.Debug|Any CPU.Build.0 = Debug|Any CPU
		{40391999-C017-432C-B2D4-66C9A95D618A}.Release|Any CPU.ActiveCfg = Release|Any CPU
		{40391999-C017-432C-B2D4-66C9A95D618A}.Release|Any CPU.Build.0 = Release|Any CPU
		{1FA3B13C-FA2C-40AC-B0D3-C704955687C8}.Debug|Any CPU.ActiveCfg = Debug|Any CPU
		{1FA3B13C-FA2C-40AC-B0D3-C704955687C8}.Debug|Any CPU.Build.0 = Debug|Any CPU
		{1FA3B13C-FA2C-40AC-B0D3-C704955687C8}.Release|Any CPU.ActiveCfg = Release|Any CPU
		{1FA3B13C-FA2C-40AC-B0D3-C704955687C8}.Release|Any CPU.Build.0 = Release|Any CPU
	EndGlobalSection
	GlobalSection(SolutionProperties) = preSolution
		HideSolutionNode = FALSE
	EndGlobalSection
	GlobalSection(ExtensibilityGlobals) = postSolution
		SolutionGuid = {6952BE72-05CA-4806-9BDC-D09C2CFBF01C}
	EndGlobalSection
EndGlobal
